PODS:
  - Cosmos (23.0.0)
  - Realm (10.20.0):
    - Realm/Headers (= 10.20.0)
  - Realm/Headers (10.20.0)
  - RealmSwift (10.20.0):
    - Realm (= 10.20.0)

DEPENDENCIES:
  - Cosmos (~> 23.0)
  - RealmSwift

SPEC REPOS:
  trunk:
    - Cosmos
    - Realm
    - RealmSwift

SPEC CHECKSUMS:
  Cosmos: b5c6a9a637e28a061b54c8f8b1d8529d7d4db73f
  Realm: ae32bdc1da7d19c7617e0400201a77acd4a211b9
  RealmSwift: c95eec6a712924870b2e36c4c081d63ec07e5414

PODFILE CHECKSUM: 5649ed8f073e2abb947623b763107a8027c3330b

COCOAPODS: 1.11.2
